// !$*UTF8*$!
{
	archiveVersion = 1;
	classes = {
	};
	objectVersion = 50;
	objects = {

/* Begin PBXBuildFile section */
		49F0703B26185CCC00B89290 /* AppDelegate.swift in Sources */ = {isa = PBXBuildFile; fileRef = 49F0703A26185CCC00B89290 /* AppDelegate.swift */; };
		49F0703D26185CCC00B89290 /* SceneDelegate.swift in Sources */ = {isa = PBXBuildFile; fileRef = 49F0703C26185CCC00B89290 /* SceneDelegate.swift */; };
		49F0703F26185CCC00B89290 /* ViewController.swift in Sources */ = {isa = PBXBuildFile; fileRef = 49F0703E26185CCC00B89290 /* ViewController.swift */; };
		49F0704226185CCC00B89290 /* Main.storyboard in Resources */ = {isa = PBXBuildFile; fileRef = 49F0704026185CCC00B89290 /* Main.storyboard */; };
		49F0704426185CD000B89290 /* Assets.xcassets in Resources */ = {isa = PBXBuildFile; fileRef = 49F0704326185CD000B89290 /* Assets.xcassets */; };
		49F0704726185CD000B89290 /* LaunchScreen.storyboard in Resources */ = {isa = PBXBuildFile; fileRef = 49F0704526185CD000B89290 /* LaunchScreen.storyboard */; };
		49F0705226185CD100B89290 /* XyliphoneTests.swift in Sources */ = {isa = PBXBuildFile; fileRef = 49F0705126185CD100B89290 /* XyliphoneTests.swift */; };
		49F0705D26185CD100B89290 /* XyliphoneUITests.swift in Sources */ = {isa = PBXBuildFile; fileRef = 49F0705C26185CD100B89290 /* XyliphoneUITests.swift */; };
		49F0706E2619FD5600B89290 /* Sounds in Resources */ = {isa = PBXBuildFile; fileRef = 49F0706D2619FD5600B89290 /* Sounds */; };
/* End PBXBuildFile section */

/* Begin PBXContainerItemProxy section */
		49F0704E26185CD100B89290 /* PBXContainerItemProxy */ = {
			isa = PBXContainerItemProxy;
			containerPortal = 49F0702F26185CCC00B89290 /* Project object */;
			proxyType = 1;
			remoteGlobalIDString = 49F0703626185CCC00B89290;
			remoteInfo = Xyliphone;
		};
		49F0705926185CD100B89290 /* PBXContainerItemProxy */ = {
			isa = PBXContainerItemProxy;
			containerPortal = 49F0702F26185CCC00B89290 /* Project object */;
			proxyType = 1;
			remoteGlobalIDString = 49F0703626185CCC00B89290;
			remoteInfo = Xyliphone;
		};
/* End PBXContainerItemProxy section */

/* Begin PBXFileReference section */
		49F0703726185CCC00B89290 /* Xyliphone.app */ = {isa = PBXFileReference; explicitFileType = wrapper.application; includeInIndex = 0; path = Xyliphone.app; sourceTree = BUILT_PRODUCTS_DIR; };
		49F0703A26185CCC00B89290 /* AppDelegate.swift */ = {isa = PBXFileReference; lastKnownFileType = sourcecode.swift; path = AppDelegate.swift; sourceTree = "<group>"; };
		49F0703C26185CCC00B89290 /* SceneDelegate.swift */ = {isa = PBXFileReference; lastKnownFileType = sourcecode.swift; path = SceneDelegate.swift; sourceTree = "<group>"; };
		49F0703E26185CCC00B89290 /* ViewController.swift */ = {isa = PBXFileReference; lastKnownFileType = sourcecode.swift; path = ViewController.swift; sourceTree = "<group>"; };
		49F0704126185CCC00B89290 /* Base */ = {isa = PBXFileReference; lastKnownFileType = file.storyboard; name = Base; path = Base.lproj/Main.storyboard; sourceTree = "<group>"; };
		49F0704326185CD000B89290 /* Assets.xcassets */ = {isa = PBXFileReference; lastKnownFileType = folder.assetcatalog; path = Assets.xcassets; sourceTree = "<group>"; };
		49F0704626185CD000B89290 /* Base */ = {isa = PBXFileReference; lastKnownFileType = file.storyboard; name = Base; path = Base.lproj/LaunchScreen.storyboard; sourceTree = "<group>"; };
		49F0704826185CD000B89290 /* Info.plist */ = {isa = PBXFileReference; lastKnownFileType = text.plist.xml; path = Info.plist; sourceTree = "<group>"; };
		49F0704D26185CD100B89290 /* XyliphoneTests.xctest */ = {isa = PBXFileReference; explicitFileType = wrapper.cfbundle; includeInIndex = 0; path = XyliphoneTests.xctest; sourceTree = BUILT_PRODUCTS_DIR; };
		49F0705126185CD100B89290 /* XyliphoneTests.swift */ = {isa = PBXFileReference; lastKnownFileType = sourcecode.swift; path = XyliphoneTests.swift; sourceTree = "<group>"; };
		49F0705326185CD100B89290 /* Info.plist */ = {isa = PBXFileReference; lastKnownFileType = text.plist.xml; path = Info.plist; sourceTree = "<group>"; };
		49F0705826185CD100B89290 /* XyliphoneUITests.xctest */ = {isa = PBXFileReference; explicitFileType = wrapper.cfbundle; includeInIndex = 0; path = XyliphoneUITests.xctest; sourceTree = BUILT_PRODUCTS_DIR; };
		49F0705C26185CD100B89290 /* XyliphoneUITests.swift */ = {isa = PBXFileReference; lastKnownFileType = sourcecode.swift; path = XyliphoneUITests.swift; sourceTree = "<group>"; };
		49F0705E26185CD100B89290 /* Info.plist */ = {isa = PBXFileReference; lastKnownFileType = text.plist.xml; path = Info.plist; sourceTree = "<group>"; };
		49F0706D2619FD5600B89290 /* Sounds */ = {isa = PBXFileReference; lastKnownFileType = folder; name = Sounds; path = "../../../../Downloads/ios 4/Sounds"; sourceTree = "<group>"; };
/* End PBXFileReference section */

/* Begin PBXFrameworksBuildPhase section */
		49F0703426185CCC00B89290 /* Frameworks */ = {
			isa = PBXFrameworksBuildPhase;
			buildActionMask = 2147483647;
			files = (
			);
			runOnlyForDeploymentPostprocessing = 0;
		};
		49F0704A26185CD100B89290 /* Frameworks */ = {
			isa = PBXFrameworksBuildPhase;
			buildActionMask = 2147483647;
			files = (
			);
			runOnlyForDeploymentPostprocessing = 0;
		};
		49F0705526185CD100B89290 /* Frameworks */ = {
			isa = PBXFrameworksBuildPhase;
			buildActionMask = 2147483647;
			files = (
			);
			runOnlyForDeploymentPostprocessing = 0;
		};
/* End PBXFrameworksBuildPhase section */

/* Begin PBXGroup section */
		49F0702E26185CCC00B89290 = {
			isa = PBXGroup;
			children = (
				49F0703926185CCC00B89290 /* Xyliphone */,
				49F0705026185CD100B89290 /* XyliphoneTests */,
				49F0705B26185CD100B89290 /* XyliphoneUITests */,
				49F0703826185CCC00B89290 /* Products */,
			);
			sourceTree = "<group>";
		};
		49F0703826185CCC00B89290 /* Products */ = {
			isa = PBXGroup;
			children = (
				49F0703726185CCC00B89290 /* Xyliphone.app */,
				49F0704D26185CD100B89290 /* XyliphoneTests.xctest */,
				49F0705826185CD100B89290 /* XyliphoneUITests.xctest */,
			);
			name = Products;
			sourceTree = "<group>";
		};
		49F0703926185CCC00B89290 /* Xyliphone */ = {
			isa = PBXGroup;
			children = (
				49F0703A26185CCC00B89290 /* AppDelegate.swift */,
				49F0703C26185CCC00B89290 /* SceneDelegate.swift */,
				49F0703E26185CCC00B89290 /* ViewController.swift */,
				49F0704026185CCC00B89290 /* Main.storyboard */,
				49F0704326185CD000B89290 /* Assets.xcassets */,
				49F0704526185CD000B89290 /* LaunchScreen.storyboard */,
				49F0706D2619FD5600B89290 /* Sounds */,
				49F0704826185CD000B89290 /* Info.plist */,
			);
			path = Xyliphone;
			sourceTree = "<group>";
		};
		49F0705026185CD100B89290 /* XyliphoneTests */ = {
			isa = PBXGroup;
			children = (
				49F0705126185CD100B89290 /* XyliphoneTests.swift */,
				49F0705326185CD100B89290 /* Info.plist */,
			);
			path = XyliphoneTests;
			sourceTree = "<group>";
		};
		49F0705B26185CD100B89290 /* XyliphoneUITests */ = {
			isa = PBXGroup;
			children = (
				49F0705C26185CD100B89290 /* XyliphoneUITests.swift */,
				49F0705E26185CD100B89290 /* Info.plist */,
			);
			path = XyliphoneUITests;
			sourceTree = "<group>";
		};
/* End PBXGroup section */

/* Begin PBXNativeTarget section */
		49F0703626185CCC00B89290 /* Xyliphone */ = {
			isa = PBXNativeTarget;
			buildConfigurationList = 49F0706126185CD100B89290 /* Build configuration list for PBXNativeTarget "Xyliphone" */;
			buildPhases = (
				49F0703326185CCC00B89290 /* Sources */,
				49F0703426185CCC00B89290 /* Frameworks */,
				49F0703526185CCC00B89290 /* Resources */,
			);
			buildRules = (
			);
			dependencies = (
			);
			name = Xyliphone;
			productName = Xyliphone;
			productReference = 49F0703726185CCC00B89290 /* Xyliphone.app */;
			productType = "com.apple.product-type.application";
		};
		49F0704C26185CD100B89290 /* XyliphoneTests */ = {
			isa = PBXNativeTarget;
			buildConfigurationList = 49F0706426185CD100B89290 /* Build configuration list for PBXNativeTarget "XyliphoneTests" */;
			buildPhases = (
				49F0704926185CD100B89290 /* Sources */,
				49F0704A26185CD100B89290 /* Frameworks */,
				49F0704B26185CD100B89290 /* Resources */,
			);
			buildRules = (
			);
			dependencies = (
				49F0704F26185CD100B89290 /* PBXTargetDependency */,
			);
			name = XyliphoneTests;
			productName = XyliphoneTests;
			productReference = 49F0704D26185CD100B89290 /* XyliphoneTests.xctest */;
			productType = "com.apple.product-type.bundle.unit-test";
		};
		49F0705726185CD100B89290 /* XyliphoneUITests */ = {
			isa = PBXNativeTarget;
			buildConfigurationList = 49F0706726185CD100B89290 /* Build configuration list for PBXNativeTarget "XyliphoneUITests" */;
			buildPhases = (
				49F0705426185CD100B89290 /* Sources */,
				49F0705526185CD100B89290 /* Frameworks */,
				49F0705626185CD100B89290 /* Resources */,
			);
			buildRules = (
			);
			dependencies = (
				49F0705A26185CD100B89290 /* PBXTargetDependency */,
			);
			name = XyliphoneUITests;
			productName = XyliphoneUITests;
			productReference = 49F0705826185CD100B89290 /* XyliphoneUITests.xctest */;
			productType = "com.apple.product-type.bundle.ui-testing";
		};
/* End PBXNativeTarget section */

/* Begin PBXProject section */
		49F0702F26185CCC00B89290 /* Project object */ = {
			isa = PBXProject;
			attributes = {
				LastSwiftUpdateCheck = 1230;
				LastUpgradeCheck = 1230;
				TargetAttributes = {
					49F0703626185CCC00B89290 = {
						CreatedOnToolsVersion = 12.3;
					};
					49F0704C26185CD100B89290 = {
						CreatedOnToolsVersion = 12.3;
						TestTargetID = 49F0703626185CCC00B89290;
					};
					49F0705726185CD100B89290 = {
						CreatedOnToolsVersion = 12.3;
						TestTargetID = 49F0703626185CCC00B89290;
					};
				};
			};
			buildConfigurationList = 49F0703226185CCC00B89290 /* Build configuration list for PBXProject "Xyliphone" */;
			compatibilityVersion = "Xcode 9.3";
			developmentRegion = en;
			hasScannedForEncodings = 0;
			knownRegions = (
				en,
				Base,
			);
			mainGroup = 49F0702E26185CCC00B89290;
			productRefGroup = 49F0703826185CCC00B89290 /* Products */;
			projectDirPath = "";
			projectRoot = "";
			targets = (
				49F0703626185CCC00B89290 /* Xyliphone */,
				49F0704C26185CD100B89290 /* XyliphoneTests */,
				49F0705726185CD100B89290 /* XyliphoneUITests */,
			);
		};
/* End PBXProject section */

/* Begin PBXResourcesBuildPhase section */
		49F0703526185CCC00B89290 /* Resources */ = {
			isa = PBXResourcesBuildPhase;
			buildActionMask = 2147483647;
			files = (
				49F0704726185CD000B89290 /* LaunchScreen.storyboard in Resources */,
				49F0704426185CD000B89290 /* Assets.xcassets in Resources */,
				49F0706E2619FD5600B89290 /* Sounds in Resources */,
				49F0704226185CCC00B89290 /* Main.storyboard in Resources */,
			);
			runOnlyForDeploymentPostprocessing = 0;
		};
		49F0704B26185CD100B89290 /* Resources */ = {
			isa = PBXResourcesBuildPhase;
			buildActionMask = 2147483647;
			files = (
			);
			runOnlyForDeploymentPostprocessing = 0;
		};
		49F0705626185CD100B89290 /* Resources */ = {
			isa = PBXResourcesBuildPhase;
			buildActionMask = 2147483647;
			files = (
			);
			runOnlyForDeploymentPostprocessing = 0;
		};
/* End PBXResourcesBuildPhase section */

/* Begin PBXSourcesBuildPhase section */
		49F0703326185CCC00B89290 /* Sources */ = {
			isa = PBXSourcesBuildPhase;
			buildActionMask = 2147483647;
			files = (
				49F0703F26185CCC00B89290 /* ViewController.swift in Sources */,
				49F0703B26185CCC00B89290 /* AppDelegate.swift in Sources */,
				49F0703D26185CCC00B89290 /* SceneDelegate.swift in Sources */,
			);
			runOnlyForDeploymentPostprocessing = 0;
		};
		49F0704926185CD100B89290 /* Sources */ = {
			isa = PBXSourcesBuildPhase;
			buildActionMask = 2147483647;
			files = (
				49F0705226185CD100B89290 /* XyliphoneTests.swift in Sources */,
			);
			runOnlyForDeploymentPostprocessing = 0;
		};
		49F0705426185CD100B89290 /* Sources */ = {
			isa = PBXSourcesBuildPhase;
			buildActionMask = 2147483647;
			files = (
				49F0705D26185CD100B89290 /* XyliphoneUITests.swift in Sources */,
			);
			runOnlyForDeploymentPostprocessing = 0;
		};
/* End PBXSourcesBuildPhase section */

/* Begin PBXTargetDependency section */
		49F0704F26185CD100B89290 /* PBXTargetDependency */ = {
			isa = PBXTargetDependency;
			target = 49F0703626185CCC00B89290 /* Xyliphone */;
			targetProxy = 49F0704E26185CD100B89290 /* PBXContainerItemProxy */;
		};
		49F0705A26185CD100B89290 /* PBXTargetDependency */ = {
			isa = PBXTargetDependency;
			target = 49F0703626185CCC00B89290 /* Xyliphone */;
			targetProxy = 49F0705926185CD100B89290 /* PBXContainerItemProxy */;
		};
/* End PBXTargetDependency section */

/* Begin PBXVariantGroup section */
		49F0704026185CCC00B89290 /* Main.storyboard */ = {
			isa = PBXVariantGroup;
			children = (
				49F0704126185CCC00B89290 /* Base */,
			);
			name = Main.storyboard;
			sourceTree = "<group>";
		};
		49F0704526185CD000B89290 /* LaunchScreen.storyboard */ = {
			isa = PBXVariantGroup;
			children = (
				49F0704626185CD000B89290 /* Base */,
			);
			name = LaunchScreen.storyboard;
			sourceTree = "<group>";
		};
/* End PBXVariantGroup section */

/* Begin XCBuildConfiguration section */
		49F0705F26185CD100B89290 /* Debug */ = {
			isa = XCBuildConfiguration;
			buildSettings = {
				ALWAYS_SEARCH_USER_PATHS = NO;
				CLANG_ANALYZER_NONNULL = YES;
				CLANG_ANALYZER_NUMBER_OBJECT_CONVERSION = YES_AGGRESSIVE;
				CLANG_CXX_LANGUAGE_STANDARD = "gnu++14";
				CLANG_CXX_LIBRARY = "libc++";
				CLANG_ENABLE_MODULES = YES;
				CLANG_ENABLE_OBJC_ARC = YES;
				CLANG_ENABLE_OBJC_WEAK = YES;
				CLANG_WARN_BLOCK_CAPTURE_AUTORELEASING = YES;
				CLANG_WARN_BOOL_CONVERSION = YES;
				CLANG_WARN_COMMA = YES;
				CLANG_WARN_CONSTANT_CONVERSION = YES;
				CLANG_WARN_DEPRECATED_OBJC_IMPLEMENTATIONS = YES;
				CLANG_WARN_DIRECT_OBJC_ISA_USAGE = YES_ERROR;
				CLANG_WARN_DOCUMENTATION_COMMENTS = YES;
				CLANG_WARN_EMPTY_BODY = YES;
				CLANG_WARN_ENUM_CONVERSION = YES;
				CLANG_WARN_INFINITE_RECURSION = YES;
				CLANG_WARN_INT_CONVERSION = YES;
				CLANG_WARN_NON_LITERAL_NULL_CONVERSION = YES;
				CLANG_WARN_OBJC_IMPLICIT_RETAIN_SELF = YES;
				CLANG_WARN_OBJC_LITERAL_CONVERSION = YES;
				CLANG_WARN_OBJC_ROOT_CLASS = YES_ERROR;
				CLANG_WARN_QUOTED_INCLUDE_IN_FRAMEWORK_HEADER = YES;
				CLANG_WARN_RANGE_LOOP_ANALYSIS = YES;
				CLANG_WARN_STRICT_PROTOTYPES = YES;
				CLANG_WARN_SUSPICIOUS_MOVE = YES;
				CLANG_WARN_UNGUARDED_AVAILABILITY = YES_AGGRESSIVE;
				CLANG_WARN_UNREACHABLE_CODE = YES;
				CLANG_WARN__DUPLICATE_METHOD_MATCH = YES;
				COPY_PHASE_STRIP = NO;
				DEBUG_INFORMATION_FORMAT = dwarf;
				ENABLE_STRICT_OBJC_MSGSEND = YES;
				ENABLE_TESTABILITY = YES;
				GCC_C_LANGUAGE_STANDARD = gnu11;
				GCC_DYNAMIC_NO_PIC = NO;
				GCC_NO_COMMON_BLOCKS = YES;
				GCC_OPTIMIZATION_LEVEL = 0;
				GCC_PREPROCESSOR_DEFINITIONS = (
					"DEBUG=1",
					"$(inherited)",
				);
				GCC_WARN_64_TO_32_BIT_CONVERSION = YES;
				GCC_WARN_ABOUT_RETURN_TYPE = YES_ERROR;
				GCC_WARN_UNDECLARED_SELECTOR = YES;
				GCC_WARN_UNINITIALIZED_AUTOS = YES_AGGRESSIVE;
				GCC_WARN_UNUSED_FUNCTION = YES;
				GCC_WARN_UNUSED_VARIABLE = YES;
				IPHONEOS_DEPLOYMENT_TARGET = 14.3;
				MTL_ENABLE_DEBUG_INFO = INCLUDE_SOURCE;
				MTL_FAST_MATH = YES;
				ONLY_ACTIVE_ARCH = YES;
				SDKROOT = iphoneos;
				SWIFT_ACTIVE_COMPILATION_CONDITIONS = DEBUG;
				SWIFT_OPTIMIZATION_LEVEL = "-Onone";
			};
			name = Debug;
		};
		49F0706026185CD100B89290 /* Release */ = {
			isa = XCBuildConfiguration;
			buildSettings = {
				ALWAYS_SEARCH_USER_PATHS = NO;
				CLANG_ANALYZER_NONNULL = YES;
				CLANG_ANALYZER_NUMBER_OBJECT_CONVERSION = YES_AGGRESSIVE;
				CLANG_CXX_LANGUAGE_STANDARD = "gnu++14";
				CLANG_CXX_LIBRARY = "libc++";
				CLANG_ENABLE_MODULES = YES;
				CLANG_ENABLE_OBJC_ARC = YES;
				CLANG_ENABLE_OBJC_WEAK = YES;
				CLANG_WARN_BLOCK_CAPTURE_AUTORELEASING = YES;
				CLANG_WARN_BOOL_CONVERSION = YES;
				CLANG_WARN_COMMA = YES;
				CLANG_WARN_CONSTANT_CONVERSION = YES;
				CLANG_WARN_DEPRECATED_OBJC_IMPLEMENTATIONS = YES;
				CLANG_WARN_DIRECT_OBJC_ISA_USAGE = YES_ERROR;
				CLANG_WARN_DOCUMENTATION_COMMENTS = YES;
				CLANG_WARN_EMPTY_BODY = YES;
				CLANG_WARN_ENUM_CONVERSION = YES;
				CLANG_WARN_INFINITE_RECURSION = YES;
				CLANG_WARN_INT_CONVERSION = YES;
				CLANG_WARN_NON_LITERAL_NULL_CONVERSION = YES;
				CLANG_WARN_OBJC_IMPLICIT_RETAIN_SELF = YES;
				CLANG_WARN_OBJC_LITERAL_CONVERSION = YES;
				CLANG_WARN_OBJC_ROOT_CLASS = YES_ERROR;
				CLANG_WARN_QUOTED_INCLUDE_IN_FRAMEWORK_HEADER = YES;
				CLANG_WARN_RANGE_LOOP_ANALYSIS = YES;
				CLANG_WARN_STRICT_PROTOTYPES = YES;
				CLANG_WARN_SUSPICIOUS_MOVE = YES;
				CLANG_WARN_UNGUARDED_AVAILABILITY = YES_AGGRESSIVE;
				CLANG_WARN_UNREACHABLE_CODE = YES;
				CLANG_WARN__DUPLICATE_METHOD_MATCH = YES;
				COPY_PHASE_STRIP = NO;
				DEBUG_INFORMATION_FORMAT = "dwarf-with-dsym";
				ENABLE_NS_ASSERTIONS = NO;
				ENABLE_STRICT_OBJC_MSGSEND = YES;
				GCC_C_LANGUAGE_STANDARD = gnu11;
				GCC_NO_COMMON_BLOCKS = YES;
				GCC_WARN_64_TO_32_BIT_CONVERSION = YES;
				GCC_WARN_ABOUT_RETURN_TYPE = YES_ERROR;
				GCC_WARN_UNDECLARED_SELECTOR = YES;
				GCC_WARN_UNINITIALIZED_AUTOS = YES_AGGRESSIVE;
				GCC_WARN_UNUSED_FUNCTION = YES;
				GCC_WARN_UNUSED_VARIABLE = YES;
				IPHONEOS_DEPLOYMENT_TARGET = 14.3;
				MTL_ENABLE_DEBUG_INFO = NO;
				MTL_FAST_MATH = YES;
				SDKROOT = iphoneos;
				SWIFT_COMPILATION_MODE = wholemodule;
				SWIFT_OPTIMIZATION_LEVEL = "-O";
				VALIDATE_PRODUCT = YES;
			};
			name = Release;
		};
		49F0706226185CD100B89290 /* Debug */ = {
			isa = XCBuildConfiguration;
			buildSettings = {
				ASSETCATALOG_COMPILER_APPICON_NAME = AppIcon;
				ASSETCATALOG_COMPILER_GLOBAL_ACCENT_COLOR_NAME = AccentColor;
				CODE_SIGN_STYLE = Automatic;
				INFOPLIST_FILE = Xyliphone/Info.plist;
				LD_RUNPATH_SEARCH_PATHS = (
					"$(inherited)",
					"@executable_path/Frameworks",
				);
				PRODUCT_BUNDLE_IDENTIFIER = com.atinagnihotri.Xyliphone;
				PRODUCT_NAME = "$(TARGET_NAME)";
				SWIFT_VERSION = 5.0;
				TARGETED_DEVICE_FAMILY = "1,2";
			};
			name = Debug;
		};
		49F0706326185CD100B89290 /* Release */ = {
			isa = XCBuildConfiguration;
			buildSettings = {
				ASSETCATALOG_COMPILER_APPICON_NAME = AppIcon;
				ASSETCATALOG_COMPILER_GLOBAL_ACCENT_COLOR_NAME = AccentColor;
				CODE_SIGN_STYLE = Automatic;
				INFOPLIST_FILE = Xyliphone/Info.plist;
				LD_RUNPATH_SEARCH_PATHS = (
					"$(inherited)",
					"@executable_path/Frameworks",
				);
				PRODUCT_BUNDLE_IDENTIFIER = com.atinagnihotri.Xyliphone;
				PRODUCT_NAME = "$(TARGET_NAME)";
				SWIFT_VERSION = 5.0;
				TARGETED_DEVICE_FAMILY = "1,2";
			};
			name = Release;
		};
		49F0706526185CD100B89290 /* Debug */ = {
			isa = XCBuildConfiguration;
			buildSettings = {
				ALWAYS_EMBED_SWIFT_STANDARD_LIBRARIES = YES;
				BUNDLE_LOADER = "$(TEST_HOST)";
				CODE_SIGN_STYLE = Automatic;
				INFOPLIST_FILE = XyliphoneTests/Info.plist;
				IPHONEOS_DEPLOYMENT_TARGET = 14.3;
				LD_RUNPATH_SEARCH_PATHS = (
					"$(inherited)",
					"@executable_path/Frameworks",
					"@loader_path/Frameworks",
				);
				PRODUCT_BUNDLE_IDENTIFIER = com.atinagnihotri.XyliphoneTests;
				PRODUCT_NAME = "$(TARGET_NAME)";
				SWIFT_VERSION = 5.0;
				TARGETED_DEVICE_FAMILY = "1,2";
				TEST_HOST = "$(BUILT_PRODUCTS_DIR)/Xyliphone.app/Xyliphone";
			};
			name = Debug;
		};
		49F0706626185CD100B89290 /* Release */ = {
			isa = XCBuildConfiguration;
			buildSettings = {
				ALWAYS_EMBED_SWIFT_STANDARD_LIBRARIES = YES;
				BUNDLE_LOADER = "$(TEST_HOST)";
				CODE_SIGN_STYLE = Automatic;
				INFOPLIST_FILE = XyliphoneTests/Info.plist;
				IPHONEOS_DEPLOYMENT_TARGET = 14.3;
				LD_RUNPATH_SEARCH_PATHS = (
					"$(inherited)",
					"@executable_path/Frameworks",
					"@loader_path/Frameworks",
				);
				PRODUCT_BUNDLE_IDENTIFIER = com.atinagnihotri.XyliphoneTests;
				PRODUCT_NAME = "$(TARGET_NAME)";
				SWIFT_VERSION = 5.0;
				TARGETED_DEVICE_FAMILY = "1,2";
				TEST_HOST = "$(BUILT_PRODUCTS_DIR)/Xyliphone.app/Xyliphone";
			};
			name = Release;
		};
		49F0706826185CD100B89290 /* Debug */ = {
			isa = XCBuildConfiguration;
			buildSettings = {
				ALWAYS_EMBED_SWIFT_STANDARD_LIBRARIES = YES;
				CODE_SIGN_STYLE = Automatic;
				INFOPLIST_FILE = XyliphoneUITests/Info.plist;
				LD_RUNPATH_SEARCH_PATHS = (
					"$(inherited)",
					"@executable_path/Frameworks",
					"@loader_path/Frameworks",
				);
				PRODUCT_BUNDLE_IDENTIFIER = com.atinagnihotri.XyliphoneUITests;
				PRODUCT_NAME = "$(TARGET_NAME)";
				SWIFT_VERSION = 5.0;
				TARGETED_DEVICE_FAMILY = "1,2";
				TEST_TARGET_NAME = Xyliphone;
			};
			name = Debug;
		};
		49F0706926185CD100B89290 /* Release */ = {
			isa = XCBuildConfiguration;
			buildSettings = {
				ALWAYS_EMBED_SWIFT_STANDARD_LIBRARIES = YES;
				CODE_SIGN_STYLE = Automatic;
				INFOPLIST_FILE = XyliphoneUITests/Info.plist;
				LD_RUNPATH_SEARCH_PATHS = (
					"$(inherited)",
					"@executable_path/Frameworks",
					"@loader_path/Frameworks",
				);
				PRODUCT_BUNDLE_IDENTIFIER = com.atinagnihotri.XyliphoneUITests;
				PRODUCT_NAME = "$(TARGET_NAME)";
				SWIFT_VERSION = 5.0;
				TARGETED_DEVICE_FAMILY = "1,2";
				TEST_TARGET_NAME = Xyliphone;
			};
			name = Release;
		};
/* End XCBuildConfiguration section */

/* Begin XCConfigurationList section */
		49F0703226185CCC00B89290 /* Build configuration list for PBXProject "Xyliphone" */ = {
			isa = XCConfigurationList;
			buildConfigurations = (
				49F0705F26185CD100B89290 /* Debug */,
				49F0706026185CD100B89290 /* Release */,
			);
			defaultConfigurationIsVisible = 0;
			defaultConfigurationName = Release;
		};
		49F0706126185CD100B89290 /* Build configuration list for PBXNativeTarget "Xyliphone" */ = {
			isa = XCConfigurationList;
			buildConfigurations = (
				49F0706226185CD100B89290 /* Debug */,
				49F0706326185CD100B89290 /* Release */,
			);
			defaultConfigurationIsVisible = 0;
			defaultConfigurationName = Release;
		};
		49F0706426185CD100B89290 /* Build configuration list for PBXNativeTarget "XyliphoneTests" */ = {
			isa = XCConfigurationList;
			buildConfigurations = (
				49F0706526185CD100B89290 /* Debug */,
				49F0706626185CD100B89290 /* Release */,
			);
			defaultConfigurationIsVisible = 0;
			defaultConfigurationName = Release;
		};
		49F0706726185CD100B89290 /* Build configuration list for PBXNativeTarget "XyliphoneUITests" */ = {
			isa = XCConfigurationList;
			buildConfigurations = (
				49F0706826185CD100B89290 /* Debug */,
				49F0706926185CD100B89290 /* Release */,
			);
			defaultConfigurationIsVisible = 0;
			defaultConfigurationName = Release;
		};
/* End XCConfigurationList section */
	};
	rootObject = 49F0702F26185CCC00B89290 /* Project object */;
}
